// !$*UTF8*$!
{
	archiveVersion = 1;
	classes = {
	};
	objectVersion = 50;
	objects = {

/* Begin PBXBuildFile section */
		61AC7C2E2620D228001E5B31 /* AppDelegate.m in Sources */ = {isa = PBXBuildFile; fileRef = 61AC7C2D2620D228001E5B31 /* AppDelegate.m */; };
		61AC7C312620D228001E5B31 /* SceneDelegate.m in Sources */ = {isa = PBXBuildFile; fileRef = 61AC7C302620D228001E5B31 /* SceneDelegate.m */; };
		61AC7C342620D228001E5B31 /* ViewController.m in Sources */ = {isa = PBXBuildFile; fileRef = 61AC7C332620D228001E5B31 /* ViewController.m */; };
		61AC7C372620D228001E5B31 /* Main.storyboard in Resources */ = {isa = PBXBuildFile; fileRef = 61AC7C352620D228001E5B31 /* Main.storyboard */; };
		61AC7C392620D229001E5B31 /* Assets.xcassets in Resources */ = {isa = PBXBuildFile; fileRef = 61AC7C382620D229001E5B31 /* Assets.xcassets */; };
		61AC7C3C2620D229001E5B31 /* LaunchScreen.storyboard in Resources */ = {isa = PBXBuildFile; fileRef = 61AC7C3A2620D229001E5B31 /* LaunchScreen.storyboard */; };
		61AC7C3F2620D229001E5B31 /* main.m in Sources */ = {isa = PBXBuildFile; fileRef = 61AC7C3E2620D229001E5B31 /* main.m */; };
		F6A1A8789D28F2034D4D3771 /* Pods_MopubFacebookPodsConflict.framework in Frameworks */ = {isa = PBXBuildFile; fileRef = FC70ABCE9F8058857CDFC498 /* Pods_MopubFacebookPodsConflict.framework */; };
/* End PBXBuildFile section */

/* Begin PBXFileReference section */
		23F3317011209C59BE401200 /* Pods-MopubFacebookPodsConflict.release.xcconfig */ = {isa = PBXFileReference; includeInIndex = 1; lastKnownFileType = text.xcconfig; name = "Pods-MopubFacebookPodsConflict.release.xcconfig"; path = "Target Support Files/Pods-MopubFacebookPodsConflict/Pods-MopubFacebookPodsConflict.release.xcconfig"; sourceTree = "<group>"; };
		2DCF70D8432564F5F9638F9A /* Pods-MopubFacebookPodsConflict.debug.xcconfig */ = {isa = PBXFileReference; includeInIndex = 1; lastKnownFileType = text.xcconfig; name = "Pods-MopubFacebookPodsConflict.debug.xcconfig"; path = "Target Support Files/Pods-MopubFacebookPodsConflict/Pods-MopubFacebookPodsConflict.debug.xcconfig"; sourceTree = "<group>"; };
		61AC7C292620D228001E5B31 /* MopubFacebookPodsConflict.app */ = {isa = PBXFileReference; explicitFileType = wrapper.application; includeInIndex = 0; path = MopubFacebookPodsConflict.app; sourceTree = BUILT_PRODUCTS_DIR; };
		61AC7C2C2620D228001E5B31 /* AppDelegate.h */ = {isa = PBXFileReference; lastKnownFileType = sourcecode.c.h; path = AppDelegate.h; sourceTree = "<group>"; };
		61AC7C2D2620D228001E5B31 /* AppDelegate.m */ = {isa = PBXFileReference; lastKnownFileType = sourcecode.c.objc; path = AppDelegate.m; sourceTree = "<group>"; };
		61AC7C2F2620D228001E5B31 /* SceneDelegate.h */ = {isa = PBXFileReference; lastKnownFileType = sourcecode.c.h; path = SceneDelegate.h; sourceTree = "<group>"; };
		61AC7C302620D228001E5B31 /* SceneDelegate.m */ = {isa = PBXFileReference; lastKnownFileType = sourcecode.c.objc; path = SceneDelegate.m; sourceTree = "<group>"; };
		61AC7C322620D228001E5B31 /* ViewController.h */ = {isa = PBXFileReference; lastKnownFileType = sourcecode.c.h; path = ViewController.h; sourceTree = "<group>"; };
		61AC7C332620D228001E5B31 /* ViewController.m */ = {isa = PBXFileReference; lastKnownFileType = sourcecode.c.objc; path = ViewController.m; sourceTree = "<group>"; };
		61AC7C362620D228001E5B31 /* Base */ = {isa = PBXFileReference; lastKnownFileType = file.storyboard; name = Base; path = Base.lproj/Main.storyboard; sourceTree = "<group>"; };
		61AC7C382620D229001E5B31 /* Assets.xcassets */ = {isa = PBXFileReference; lastKnownFileType = folder.assetcatalog; path = Assets.xcassets; sourceTree = "<group>"; };
		61AC7C3B2620D229001E5B31 /* Base */ = {isa = PBXFileReference; lastKnownFileType = file.storyboard; name = Base; path = Base.lproj/LaunchScreen.storyboard; sourceTree = "<group>"; };
		61AC7C3D2620D229001E5B31 /* Info.plist */ = {isa = PBXFileReference; lastKnownFileType = text.plist.xml; path = Info.plist; sourceTree = "<group>"; };
		61AC7C3E2620D229001E5B31 /* main.m */ = {isa = PBXFileReference; lastKnownFileType = sourcecode.c.objc; path = main.m; sourceTree = "<group>"; };
		FC70ABCE9F8058857CDFC498 /* Pods_MopubFacebookPodsConflict.framework */ = {isa = PBXFileReference; explicitFileType = wrapper.framework; includeInIndex = 0; path = Pods_MopubFacebookPodsConflict.framework; sourceTree = BUILT_PRODUCTS_DIR; };
/* End PBXFileReference section */

/* Begin PBXFrameworksBuildPhase section */
		61AC7C262620D228001E5B31 /* Frameworks */ = {
			isa = PBXFrameworksBuildPhase;
			buildActionMask = 2147483647;
			files = (
				F6A1A8789D28F2034D4D3771 /* Pods_MopubFacebookPodsConflict.framework in Frameworks */,
			);
			runOnlyForDeploymentPostprocessing = 0;
		};
/* End PBXFrameworksBuildPhase section */

/* Begin PBXGroup section */
		045E25EF045AFBBC56B2C2E6 /* Frameworks */ = {
			isa = PBXGroup;
			children = (
				FC70ABCE9F8058857CDFC498 /* Pods_MopubFacebookPodsConflict.framework */,
			);
			name = Frameworks;
			sourceTree = "<group>";
		};
		61AC7C202620D228001E5B31 = {
			isa = PBXGroup;
			children = (
				61AC7C2B2620D228001E5B31 /* MopubFacebookPodsConflict */,
				61AC7C2A2620D228001E5B31 /* Products */,
				7767D44CF057222F81D3F352 /* Pods */,
				045E25EF045AFBBC56B2C2E6 /* Frameworks */,
			);
			sourceTree = "<group>";
		};
		61AC7C2A2620D228001E5B31 /* Products */ = {
			isa = PBXGroup;
			children = (
				61AC7C292620D228001E5B31 /* MopubFacebookPodsConflict.app */,
			);
			name = Products;
			sourceTree = "<group>";
		};
		61AC7C2B2620D228001E5B31 /* MopubFacebookPodsConflict */ = {
			isa = PBXGroup;
			children = (
				61AC7C2C2620D228001E5B31 /* AppDelegate.h */,
				61AC7C2D2620D228001E5B31 /* AppDelegate.m */,
				61AC7C2F2620D228001E5B31 /* SceneDelegate.h */,
				61AC7C302620D228001E5B31 /* SceneDelegate.m */,
				61AC7C322620D228001E5B31 /* ViewController.h */,
				61AC7C332620D228001E5B31 /* ViewController.m */,
				61AC7C352620D228001E5B31 /* Main.storyboard */,
				61AC7C382620D229001E5B31 /* Assets.xcassets */,
				61AC7C3A2620D229001E5B31 /* LaunchScreen.storyboard */,
				61AC7C3D2620D229001E5B31 /* Info.plist */,
				61AC7C3E2620D229001E5B31 /* main.m */,
			);
			path = MopubFacebookPodsConflict;
			sourceTree = "<group>";
		};
		7767D44CF057222F81D3F352 /* Pods */ = {
			isa = PBXGroup;
			children = (
				2DCF70D8432564F5F9638F9A /* Pods-MopubFacebookPodsConflict.debug.xcconfig */,
				23F3317011209C59BE401200 /* Pods-MopubFacebookPodsConflict.release.xcconfig */,
			);
			name = Pods;
			path = Pods;
			sourceTree = "<group>";
		};
/* End PBXGroup section */

/* Begin PBXNativeTarget section */
		61AC7C282620D228001E5B31 /* MopubFacebookPodsConflict */ = {
			isa = PBXNativeTarget;
			buildConfigurationList = 61AC7C422620D229001E5B31 /* Build configuration list for PBXNativeTarget "MopubFacebookPodsConflict" */;
			buildPhases = (
				F817D3D7C3CC0A15B23D2BBF /* [CP] Check Pods Manifest.lock */,
				61AC7C252620D228001E5B31 /* Sources */,
				61AC7C262620D228001E5B31 /* Frameworks */,
				61AC7C272620D228001E5B31 /* Resources */,
			);
			buildRules = (
			);
			dependencies = (
			);
			name = MopubFacebookPodsConflict;
			productName = MopubFacebookPodsConflict;
			productReference = 61AC7C292620D228001E5B31 /* MopubFacebookPodsConflict.app */;
			productType = "com.apple.product-type.application";
		};
/* End PBXNativeTarget section */

/* Begin PBXProject section */
		61AC7C212620D228001E5B31 /* Project object */ = {
			isa = PBXProject;
			attributes = {
				LastUpgradeCheck = 1240;
				TargetAttributes = {
					61AC7C282620D228001E5B31 = {
						CreatedOnToolsVersion = 12.4;
					};
				};
			};
			buildConfigurationList = 61AC7C242620D228001E5B31 /* Build configuration list for PBXProject "MopubFacebookPodsConflict" */;
			compatibilityVersion = "Xcode 9.3";
			developmentRegion = en;
			hasScannedForEncodings = 0;
			knownRegions = (
				en,
				Base,
			);
			mainGroup = 61AC7C202620D228001E5B31;
			productRefGroup = 61AC7C2A2620D228001E5B31 /* Products */;
			projectDirPath = "";
			projectRoot = "";
			targets = (
				61AC7C282620D228001E5B31 /* MopubFacebookPodsConflict */,
			);
		};
/* End PBXProject section */

/* Begin PBXResourcesBuildPhase section */
		61AC7C272620D228001E5B31 /* Resources */ = {
			isa = PBXResourcesBuildPhase;
			buildActionMask = 2147483647;
			files = (
				61AC7C3C2620D229001E5B31 /* LaunchScreen.storyboard in Resources */,
				61AC7C392620D229001E5B31 /* Assets.xcassets in Resources */,
				61AC7C372620D228001E5B31 /* Main.storyboard in Resources */,
			);
			runOnlyForDeploymentPostprocessing = 0;
		};
/* End PBXResourcesBuildPhase section */

/* Begin PBXShellScriptBuildPhase section */
		F817D3D7C3CC0A15B23D2BBF /* [CP] Check Pods Manifest.lock */ = {
			isa = PBXShellScriptBuildPhase;
			buildActionMask = 2147483647;
			files = (
			);
			inputFileListPaths = (
			);
			inputPaths = (
				"${PODS_PODFILE_DIR_PATH}/Podfile.lock",
				"${PODS_ROOT}/Manifest.lock",
			);
			name = "[CP] Check Pods Manifest.lock";
			outputFileListPaths = (
			);
			outputPaths = (
				"$(DERIVED_FILE_DIR)/Pods-MopubFacebookPodsConflict-checkManifestLockResult.txt",
			);
			runOnlyForDeploymentPostprocessing = 0;
			shellPath = /bin/sh;
			shellScript = "diff \"${PODS_PODFILE_DIR_PATH}/Podfile.lock\" \"${PODS_ROOT}/Manifest.lock\" > /dev/null\nif [ $? != 0 ] ; then\n    # print error to STDERR\n    echo \"error: The sandbox is not in sync with the Podfile.lock. Run 'pod install' or update your CocoaPods installation.\" >&2\n    exit 1\nfi\n# This output is used by Xcode 'outputs' to avoid re-running this script phase.\necho \"SUCCESS\" > \"${SCRIPT_OUTPUT_FILE_0}\"\n";
			showEnvVarsInLog = 0;
		};
/* End PBXShellScriptBuildPhase section */

/* Begin PBXSourcesBuildPhase section */
		61AC7C252620D228001E5B31 /* Sources */ = {
			isa = PBXSourcesBuildPhase;
			buildActionMask = 2147483647;
			files = (
				61AC7C342620D228001E5B31 /* ViewController.m in Sources */,
				61AC7C2E2620D228001E5B31 /* AppDelegate.m in Sources */,
				61AC7C3F2620D229001E5B31 /* main.m in Sources */,
				61AC7C312620D228001E5B31 /* SceneDelegate.m in Sources */,
			);
			runOnlyForDeploymentPostprocessing = 0;
		};
/* End PBXSourcesBuildPhase section */

/* Begin PBXVariantGroup section */
		61AC7C352620D228001E5B31 /* Main.storyboard */ = {
			isa = PBXVariantGroup;
			children = (
				61AC7C362620D228001E5B31 /* Base */,
			);
			name = Main.storyboard;
			sourceTree = "<group>";
		};
		61AC7C3A2620D229001E5B31 /* LaunchScreen.storyboard */ = {
			isa = PBXVariantGroup;
			children = (
				61AC7C3B2620D229001E5B31 /* Base */,
			);
			name = LaunchScreen.storyboard;
			sourceTree = "<group>";
		};
/* End PBXVariantGroup section */

/* Begin XCBuildConfiguration section */
		61AC7C402620D229001E5B31 /* Debug */ = {
			isa = XCBuildConfiguration;
			buildSettings = {
				ALWAYS_SEARCH_USER_PATHS = NO;
				CLANG_ANALYZER_NONNULL = YES;
				CLANG_ANALYZER_NUMBER_OBJECT_CONVERSION = YES_AGGRESSIVE;
				CLANG_CXX_LANGUAGE_STANDARD = "gnu++14";
				CLANG_CXX_LIBRARY = "libc++";
				CLANG_ENABLE_MODULES = YES;
				CLANG_ENABLE_OBJC_ARC = YES;
				CLANG_ENABLE_OBJC_WEAK = YES;
				CLANG_WARN_BLOCK_CAPTURE_AUTORELEASING = YES;
				CLANG_WARN_BOOL_CONVERSION = YES;
				CLANG_WARN_COMMA = YES;
				CLANG_WARN_CONSTANT_CONVERSION = YES;
				CLANG_WARN_DEPRECATED_OBJC_IMPLEMENTATIONS = YES;
				CLANG_WARN_DIRECT_OBJC_ISA_USAGE = YES_ERROR;
				CLANG_WARN_DOCUMENTATION_COMMENTS = YES;
				CLANG_WARN_EMPTY_BODY = YES;
				CLANG_WARN_ENUM_CONVERSION = YES;
				CLANG_WARN_INFINITE_RECURSION = YES;
				CLANG_WARN_INT_CONVERSION = YES;
				CLANG_WARN_NON_LITERAL_NULL_CONVERSION = YES;
				CLANG_WARN_OBJC_IMPLICIT_RETAIN_SELF = YES;
				CLANG_WARN_OBJC_LITERAL_CONVERSION = YES;
				CLANG_WARN_OBJC_ROOT_CLASS = YES_ERROR;
				CLANG_WARN_QUOTED_INCLUDE_IN_FRAMEWORK_HEADER = YES;
				CLANG_WARN_RANGE_LOOP_ANALYSIS = YES;
				CLANG_WARN_STRICT_PROTOTYPES = YES;
				CLANG_WARN_SUSPICIOUS_MOVE = YES;
				CLANG_WARN_UNGUARDED_AVAILABILITY = YES_AGGRESSIVE;
				CLANG_WARN_UNREACHABLE_CODE = YES;
				CLANG_WARN__DUPLICATE_METHOD_MATCH = YES;
				COPY_PHASE_STRIP = NO;
				DEBUG_INFORMATION_FORMAT = dwarf;
				ENABLE_STRICT_OBJC_MSGSEND = YES;
				ENABLE_TESTABILITY = YES;
				GCC_C_LANGUAGE_STANDARD = gnu11;
				GCC_DYNAMIC_NO_PIC = NO;
				GCC_NO_COMMON_BLOCKS = YES;
				GCC_OPTIMIZATION_LEVEL = 0;
				GCC_PREPROCESSOR_DEFINITIONS = (
					"DEBUG=1",
					"$(inherited)",
				);
				GCC_WARN_64_TO_32_BIT_CONVERSION = YES;
				GCC_WARN_ABOUT_RETURN_TYPE = YES_ERROR;
				GCC_WARN_UNDECLARED_SELECTOR = YES;
				GCC_WARN_UNINITIALIZED_AUTOS = YES_AGGRESSIVE;
				GCC_WARN_UNUSED_FUNCTION = YES;
				GCC_WARN_UNUSED_VARIABLE = YES;
				IPHONEOS_DEPLOYMENT_TARGET = 14.4;
				MTL_ENABLE_DEBUG_INFO = INCLUDE_SOURCE;
				MTL_FAST_MATH = YES;
				ONLY_ACTIVE_ARCH = YES;
				SDKROOT = iphoneos;
			};
			name = Debug;
		};
		61AC7C412620D229001E5B31 /* Release */ = {
			isa = XCBuildConfiguration;
			buildSettings = {
				ALWAYS_SEARCH_USER_PATHS = NO;
				CLANG_ANALYZER_NONNULL = YES;
				CLANG_ANALYZER_NUMBER_OBJECT_CONVERSION = YES_AGGRESSIVE;
				CLANG_CXX_LANGUAGE_STANDARD = "gnu++14";
				CLANG_CXX_LIBRARY = "libc++";
				CLANG_ENABLE_MODULES = YES;
				CLANG_ENABLE_OBJC_ARC = YES;
				CLANG_ENABLE_OBJC_WEAK = YES;
				CLANG_WARN_BLOCK_CAPTURE_AUTORELEASING = YES;
				CLANG_WARN_BOOL_CONVERSION = YES;
				CLANG_WARN_COMMA = YES;
				CLANG_WARN_CONSTANT_CONVERSION = YES;
				CLANG_WARN_DEPRECATED_OBJC_IMPLEMENTATIONS = YES;
				CLANG_WARN_DIRECT_OBJC_ISA_USAGE = YES_ERROR;
				CLANG_WARN_DOCUMENTATION_COMMENTS = YES;
				CLANG_WARN_EMPTY_BODY = YES;
				CLANG_WARN_ENUM_CONVERSION = YES;
				CLANG_WARN_INFINITE_RECURSION = YES;
				CLANG_WARN_INT_CONVERSION = YES;
				CLANG_WARN_NON_LITERAL_NULL_CONVERSION = YES;
				CLANG_WARN_OBJC_IMPLICIT_RETAIN_SELF = YES;
				CLANG_WARN_OBJC_LITERAL_CONVERSION = YES;
				CLANG_WARN_OBJC_ROOT_CLASS = YES_ERROR;
				CLANG_WARN_QUOTED_INCLUDE_IN_FRAMEWORK_HEADER = YES;
				CLANG_WARN_RANGE_LOOP_ANALYSIS = YES;
				CLANG_WARN_STRICT_PROTOTYPES = YES;
				CLANG_WARN_SUSPICIOUS_MOVE = YES;
				CLANG_WARN_UNGUARDED_AVAILABILITY = YES_AGGRESSIVE;
				CLANG_WARN_UNREACHABLE_CODE = YES;
				CLANG_WARN__DUPLICATE_METHOD_MATCH = YES;
				COPY_PHASE_STRIP = NO;
				DEBUG_INFORMATION_FORMAT = "dwarf-with-dsym";
				ENABLE_NS_ASSERTIONS = NO;
				ENABLE_STRICT_OBJC_MSGSEND = YES;
				GCC_C_LANGUAGE_STANDARD = gnu11;
				GCC_NO_COMMON_BLOCKS = YES;
				GCC_WARN_64_TO_32_BIT_CONVERSION = YES;
				GCC_WARN_ABOUT_RETURN_TYPE = YES_ERROR;
				GCC_WARN_UNDECLARED_SELECTOR = YES;
				GCC_WARN_UNINITIALIZED_AUTOS = YES_AGGRESSIVE;
				GCC_WARN_UNUSED_FUNCTION = YES;
				GCC_WARN_UNUSED_VARIABLE = YES;
				IPHONEOS_DEPLOYMENT_TARGET = 14.4;
				MTL_ENABLE_DEBUG_INFO = NO;
				MTL_FAST_MATH = YES;
				SDKROOT = iphoneos;
				VALIDATE_PRODUCT = YES;
			};
			name = Release;
		};
		61AC7C432620D229001E5B31 /* Debug */ = {
			isa = XCBuildConfiguration;
			baseConfigurationReference = 2DCF70D8432564F5F9638F9A /* Pods-MopubFacebookPodsConflict.debug.xcconfig */;
			buildSettings = {
				ASSETCATALOG_COMPILER_APPICON_NAME = AppIcon;
				ASSETCATALOG_COMPILER_GLOBAL_ACCENT_COLOR_NAME = AccentColor;
				CODE_SIGN_STYLE = Automatic;
				INFOPLIST_FILE = MopubFacebookPodsConflict/Info.plist;
				LD_RUNPATH_SEARCH_PATHS = (
					"$(inherited)",
					"@executable_path/Frameworks",
				);
				PRODUCT_BUNDLE_IDENTIFIER = com.example.MopubFacebookPodsConflict;
				PRODUCT_NAME = "$(TARGET_NAME)";
				TARGETED_DEVICE_FAMILY = "1,2";
			};
			name = Debug;
		};
		61AC7C442620D229001E5B31 /* Release */ = {
			isa = XCBuildConfiguration;
			baseConfigurationReference = 23F3317011209C59BE401200 /* Pods-MopubFacebookPodsConflict.release.xcconfig */;
			buildSettings = {
				ASSETCATALOG_COMPILER_APPICON_NAME = AppIcon;
				ASSETCATALOG_COMPILER_GLOBAL_ACCENT_COLOR_NAME = AccentColor;
				CODE_SIGN_STYLE = Automatic;
				INFOPLIST_FILE = MopubFacebookPodsConflict/Info.plist;
				LD_RUNPATH_SEARCH_PATHS = (
					"$(inherited)",
					"@executable_path/Frameworks",
				);
				PRODUCT_BUNDLE_IDENTIFIER = com.example.MopubFacebookPodsConflict;
				PRODUCT_NAME = "$(TARGET_NAME)";
				TARGETED_DEVICE_FAMILY = "1,2";
			};
			name = Release;
		};
/* End XCBuildConfiguration section */

/* Begin XCConfigurationList section */
		61AC7C242620D228001E5B31 /* Build configuration list for PBXProject "MopubFacebookPodsConflict" */ = {
			isa = XCConfigurationList;
			buildConfigurations = (
				61AC7C402620D229001E5B31 /* Debug */,
				61AC7C412620D229001E5B31 /* Release */,
			);
			defaultConfigurationIsVisible = 0;
			defaultConfigurationName = Release;
		};
		61AC7C422620D229001E5B31 /* Build configuration list for PBXNativeTarget "MopubFacebookPodsConflict" */ = {
			isa = XCConfigurationList;
			buildConfigurations = (
				61AC7C432620D229001E5B31 /* Debug */,
				61AC7C442620D229001E5B31 /* Release */,
			);
			defaultConfigurationIsVisible = 0;
			defaultConfigurationName = Release;
		};
/* End XCConfigurationList section */
	};
	rootObject = 61AC7C212620D228001E5B31 /* Project object */;
}
